
Microsoft Visual Studio Solution File, Format Version 12.00
# Visual Studio Version 17
VisualStudioVersion = 17.4.33213.308
MinimumVisualStudioVersion = 10.0.40219.1
Project("{FAE04EC0-301F-11D3-BF4B-00C04F79EFBC}") = "programa2-condición_compuesta", "programa2-condición_compuesta.\programa2-condición_compuesta.csproj", "{E67C80AD-C2B0-494D-9C22-DEFFBED0ABA5}"
EndProject
Global
	GlobalSection(SolutionConfigurationPlatforms) = preSolution
		Debug|Any CPU = Debug|Any CPU
		Release|Any CPU = Release|Any CPU
	EndGlobalSection
	GlobalSection(ProjectConfigurationPlatforms) = postSolution
		{E67C80AD-C2B0-494D-9C22-DEFFBED0ABA5}.Debug|Any CPU.ActiveCfg = Debug|Any CPU
		{E67C80AD-C2B0-494D-9C22-DEFFBED0ABA5}.Debug|Any CPU.Build.0 = Debug|Any CPU
		{E67C80AD-C2B0-494D-9C22-DEFFBED0ABA5}.Release|Any CPU.ActiveCfg = Release|Any CPU
		{E67C80AD-C2B0-494D-9C22-DEFFBED0ABA5}.Release|Any CPU.Build.0 = Release|Any CPU
	EndGlobalSection
	GlobalSection(SolutionProperties) = preSolution
		HideSolutionNode = FALSE
	EndGlobalSection
	GlobalSection(ExtensibilityGlobals) = postSolution
		SolutionGuid = {206FC617-D663-4CB1-B237-F498A6BCCBE7}
	EndGlobalSection
EndGlobal
