
Microsoft Visual Studio Solution File, Format Version 12.00
# Visual Studio Version 17
VisualStudioVersion = 17.4.33213.308
MinimumVisualStudioVersion = 10.0.40219.1
Project("{FAE04EC0-301F-11D3-BF4B-00C04F79EFBC}") = "programa10-arreglo-unidimensional", "programa10-arreglo-unidimensional\programa10-arreglo-unidimensional.csproj", "{EEA8061C-3D45-435A-BD9D-A67C0009D92A}"
EndProject
Global
	GlobalSection(SolutionConfigurationPlatforms) = preSolution
		Debug|Any CPU = Debug|Any CPU
		Release|Any CPU = Release|Any CPU
	EndGlobalSection
	GlobalSection(ProjectConfigurationPlatforms) = postSolution
		{EEA8061C-3D45-435A-BD9D-A67C0009D92A}.Debug|Any CPU.ActiveCfg = Debug|Any CPU
		{EEA8061C-3D45-435A-BD9D-A67C0009D92A}.Debug|Any CPU.Build.0 = Debug|Any CPU
		{EEA8061C-3D45-435A-BD9D-A67C0009D92A}.Release|Any CPU.ActiveCfg = Release|Any CPU
		{EEA8061C-3D45-435A-BD9D-A67C0009D92A}.Release|Any CPU.Build.0 = Release|Any CPU
	EndGlobalSection
	GlobalSection(SolutionProperties) = preSolution
		HideSolutionNode = FALSE
	EndGlobalSection
	GlobalSection(ExtensibilityGlobals) = postSolution
		SolutionGuid = {39F6BA68-5307-407D-8491-64A1A28254A5}
	EndGlobalSection
EndGlobal
