
Microsoft Visual Studio Solution File, Format Version 12.00
# Visual Studio Version 17
VisualStudioVersion = 17.4.33213.308
MinimumVisualStudioVersion = 10.0.40219.1
Project("{FAE04EC0-301F-11D3-BF4B-00C04F79EFBC}") = "programa1-condición simple", "programa1-condición simple\programa1-condición simple.csproj", "{2C011639-83BC-4026-8E80-93C031948836}"
EndProject
Global
	GlobalSection(SolutionConfigurationPlatforms) = preSolution
		Debug|Any CPU = Debug|Any CPU
		Release|Any CPU = Release|Any CPU
	EndGlobalSection
	GlobalSection(ProjectConfigurationPlatforms) = postSolution
		{2C011639-83BC-4026-8E80-93C031948836}.Debug|Any CPU.ActiveCfg = Debug|Any CPU
		{2C011639-83BC-4026-8E80-93C031948836}.Debug|Any CPU.Build.0 = Debug|Any CPU
		{2C011639-83BC-4026-8E80-93C031948836}.Release|Any CPU.ActiveCfg = Release|Any CPU
		{2C011639-83BC-4026-8E80-93C031948836}.Release|Any CPU.Build.0 = Release|Any CPU
	EndGlobalSection
	GlobalSection(SolutionProperties) = preSolution
		HideSolutionNode = FALSE
	EndGlobalSection
	GlobalSection(ExtensibilityGlobals) = postSolution
		SolutionGuid = {538D9417-1C8B-48D0-9B6B-0B52C234B3FC}
	EndGlobalSection
EndGlobal
