
Microsoft Visual Studio Solution File, Format Version 12.00
# Visual Studio Version 17
VisualStudioVersion = 17.5.33516.290
MinimumVisualStudioVersion = 10.0.40219.1
Project("{FAE04EC0-301F-11D3-BF4B-00C04F79EFBC}") = "programa43-practica_archivo_binario_veterinaria", "programa43-practica_archivo_binario_veterinaria\programa43-practica_archivo_binario_veterinaria.csproj", "{AED39B09-EADA-40A8-A931-3F79D5FFF13F}"
EndProject
Global
	GlobalSection(SolutionConfigurationPlatforms) = preSolution
		Debug|Any CPU = Debug|Any CPU
		Release|Any CPU = Release|Any CPU
	EndGlobalSection
	GlobalSection(ProjectConfigurationPlatforms) = postSolution
		{AED39B09-EADA-40A8-A931-3F79D5FFF13F}.Debug|Any CPU.ActiveCfg = Debug|Any CPU
		{AED39B09-EADA-40A8-A931-3F79D5FFF13F}.Debug|Any CPU.Build.0 = Debug|Any CPU
		{AED39B09-EADA-40A8-A931-3F79D5FFF13F}.Release|Any CPU.ActiveCfg = Release|Any CPU
		{AED39B09-EADA-40A8-A931-3F79D5FFF13F}.Release|Any CPU.Build.0 = Release|Any CPU
	EndGlobalSection
	GlobalSection(SolutionProperties) = preSolution
		HideSolutionNode = FALSE
	EndGlobalSection
	GlobalSection(ExtensibilityGlobals) = postSolution
		SolutionGuid = {352A728B-6F29-4958-A908-C69E98AD4E71}
	EndGlobalSection
EndGlobal
