
Microsoft Visual Studio Solution File, Format Version 12.00
# Visual Studio Version 17
VisualStudioVersion = 17.4.33213.308
MinimumVisualStudioVersion = 10.0.40219.1
Project("{FAE04EC0-301F-11D3-BF4B-00C04F79EFBC}") = "programa17-clase_círculo", "programa17-clase_círculo\programa17-clase_círculo.csproj", "{00A6248A-5EBA-474D-9762-C8EDD2DC089A}"
EndProject
Global
	GlobalSection(SolutionConfigurationPlatforms) = preSolution
		Debug|Any CPU = Debug|Any CPU
		Release|Any CPU = Release|Any CPU
	EndGlobalSection
	GlobalSection(ProjectConfigurationPlatforms) = postSolution
		{00A6248A-5EBA-474D-9762-C8EDD2DC089A}.Debug|Any CPU.ActiveCfg = Debug|Any CPU
		{00A6248A-5EBA-474D-9762-C8EDD2DC089A}.Debug|Any CPU.Build.0 = Debug|Any CPU
		{00A6248A-5EBA-474D-9762-C8EDD2DC089A}.Release|Any CPU.ActiveCfg = Release|Any CPU
		{00A6248A-5EBA-474D-9762-C8EDD2DC089A}.Release|Any CPU.Build.0 = Release|Any CPU
	EndGlobalSection
	GlobalSection(SolutionProperties) = preSolution
		HideSolutionNode = FALSE
	EndGlobalSection
	GlobalSection(ExtensibilityGlobals) = postSolution
		SolutionGuid = {CC8F370D-8D88-44C2-B7C4-D0111609FE4F}
	EndGlobalSection
EndGlobal
