
Microsoft Visual Studio Solution File, Format Version 12.00
# Visual Studio Version 17
VisualStudioVersion = 17.5.33516.290
MinimumVisualStudioVersion = 10.0.40219.1
Project("{FAE04EC0-301F-11D3-BF4B-00C04F79EFBC}") = "Libreria_Perimetros_prac32", "Libreria_Perimetros_prac32\Libreria_Perimetros_prac32.csproj", "{7E08C848-0FB3-4C42-8289-B83A58E7B595}"
EndProject
Global
	GlobalSection(SolutionConfigurationPlatforms) = preSolution
		Debug|Any CPU = Debug|Any CPU
		Release|Any CPU = Release|Any CPU
	EndGlobalSection
	GlobalSection(ProjectConfigurationPlatforms) = postSolution
		{7E08C848-0FB3-4C42-8289-B83A58E7B595}.Debug|Any CPU.ActiveCfg = Debug|Any CPU
		{7E08C848-0FB3-4C42-8289-B83A58E7B595}.Debug|Any CPU.Build.0 = Debug|Any CPU
		{7E08C848-0FB3-4C42-8289-B83A58E7B595}.Release|Any CPU.ActiveCfg = Release|Any CPU
		{7E08C848-0FB3-4C42-8289-B83A58E7B595}.Release|Any CPU.Build.0 = Release|Any CPU
	EndGlobalSection
	GlobalSection(SolutionProperties) = preSolution
		HideSolutionNode = FALSE
	EndGlobalSection
	GlobalSection(ExtensibilityGlobals) = postSolution
		SolutionGuid = {691B29DF-F3E0-4298-96A4-0A8FC3F6000F}
	EndGlobalSection
EndGlobal
