
Microsoft Visual Studio Solution File, Format Version 12.00
# Visual Studio Version 17
VisualStudioVersion = 17.4.33213.308
MinimumVisualStudioVersion = 10.0.40219.1
Project("{FAE04EC0-301F-11D3-BF4B-00C04F79EFBC}") = "programa5-ciclo_while", "programa5-ciclo_while\programa5-ciclo_while.csproj", "{E6C34528-96B1-417B-96DA-63085746D39B}"
EndProject
Global
	GlobalSection(SolutionConfigurationPlatforms) = preSolution
		Debug|Any CPU = Debug|Any CPU
		Release|Any CPU = Release|Any CPU
	EndGlobalSection
	GlobalSection(ProjectConfigurationPlatforms) = postSolution
		{E6C34528-96B1-417B-96DA-63085746D39B}.Debug|Any CPU.ActiveCfg = Debug|Any CPU
		{E6C34528-96B1-417B-96DA-63085746D39B}.Debug|Any CPU.Build.0 = Debug|Any CPU
		{E6C34528-96B1-417B-96DA-63085746D39B}.Release|Any CPU.ActiveCfg = Release|Any CPU
		{E6C34528-96B1-417B-96DA-63085746D39B}.Release|Any CPU.Build.0 = Release|Any CPU
	EndGlobalSection
	GlobalSection(SolutionProperties) = preSolution
		HideSolutionNode = FALSE
	EndGlobalSection
	GlobalSection(ExtensibilityGlobals) = postSolution
		SolutionGuid = {14BB1914-682F-4BA5-BABE-297F88E262DA}
	EndGlobalSection
EndGlobal
