
Microsoft Visual Studio Solution File, Format Version 12.00
# Visual Studio Version 17
VisualStudioVersion = 17.4.33213.308
MinimumVisualStudioVersion = 10.0.40219.1
Project("{FAE04EC0-301F-11D3-BF4B-00C04F79EFBC}") = "EJEMPLO_Sobrecarga_Operadores", "EJEMPLO_Sobrecarga_Operadores\EJEMPLO_Sobrecarga_Operadores.csproj", "{B503EDF3-299F-4F55-9983-CF4DEA542686}"
EndProject
Global
	GlobalSection(SolutionConfigurationPlatforms) = preSolution
		Debug|Any CPU = Debug|Any CPU
		Release|Any CPU = Release|Any CPU
	EndGlobalSection
	GlobalSection(ProjectConfigurationPlatforms) = postSolution
		{B503EDF3-299F-4F55-9983-CF4DEA542686}.Debug|Any CPU.ActiveCfg = Debug|Any CPU
		{B503EDF3-299F-4F55-9983-CF4DEA542686}.Debug|Any CPU.Build.0 = Debug|Any CPU
		{B503EDF3-299F-4F55-9983-CF4DEA542686}.Release|Any CPU.ActiveCfg = Release|Any CPU
		{B503EDF3-299F-4F55-9983-CF4DEA542686}.Release|Any CPU.Build.0 = Release|Any CPU
	EndGlobalSection
	GlobalSection(SolutionProperties) = preSolution
		HideSolutionNode = FALSE
	EndGlobalSection
	GlobalSection(ExtensibilityGlobals) = postSolution
		SolutionGuid = {645252A5-E89B-41AA-B59C-D24609DD30A9}
	EndGlobalSection
EndGlobal
