
Microsoft Visual Studio Solution File, Format Version 12.00
# Visual Studio Version 17
VisualStudioVersion = 17.4.33213.308
MinimumVisualStudioVersion = 10.0.40219.1
Project("{FAE04EC0-301F-11D3-BF4B-00C04F79EFBC}") = "programa8-procedimiento", "programa8-procedimiento\programa8-procedimiento.csproj", "{020CCA0F-3EB0-484D-B3A4-696834513F6D}"
EndProject
Global
	GlobalSection(SolutionConfigurationPlatforms) = preSolution
		Debug|Any CPU = Debug|Any CPU
		Release|Any CPU = Release|Any CPU
	EndGlobalSection
	GlobalSection(ProjectConfigurationPlatforms) = postSolution
		{020CCA0F-3EB0-484D-B3A4-696834513F6D}.Debug|Any CPU.ActiveCfg = Debug|Any CPU
		{020CCA0F-3EB0-484D-B3A4-696834513F6D}.Debug|Any CPU.Build.0 = Debug|Any CPU
		{020CCA0F-3EB0-484D-B3A4-696834513F6D}.Release|Any CPU.ActiveCfg = Release|Any CPU
		{020CCA0F-3EB0-484D-B3A4-696834513F6D}.Release|Any CPU.Build.0 = Release|Any CPU
	EndGlobalSection
	GlobalSection(SolutionProperties) = preSolution
		HideSolutionNode = FALSE
	EndGlobalSection
	GlobalSection(ExtensibilityGlobals) = postSolution
		SolutionGuid = {A775C2FA-2F8D-4B51-95C1-32EA0219B8FE}
	EndGlobalSection
EndGlobal
