
Microsoft Visual Studio Solution File, Format Version 12.00
# Visual Studio Version 17
VisualStudioVersion = 17.5.33516.290
MinimumVisualStudioVersion = 10.0.40219.1
Project("{FAE04EC0-301F-11D3-BF4B-00C04F79EFBC}") = "programa30-clase_abstracta_perímetros", "programa30-clase_abstracta_perímetros\programa30-clase_abstracta_perímetros.csproj", "{61A37078-3AFA-456D-A096-DE33029FFBA4}"
EndProject
Global
	GlobalSection(SolutionConfigurationPlatforms) = preSolution
		Debug|Any CPU = Debug|Any CPU
		Release|Any CPU = Release|Any CPU
	EndGlobalSection
	GlobalSection(ProjectConfigurationPlatforms) = postSolution
		{61A37078-3AFA-456D-A096-DE33029FFBA4}.Debug|Any CPU.ActiveCfg = Debug|Any CPU
		{61A37078-3AFA-456D-A096-DE33029FFBA4}.Debug|Any CPU.Build.0 = Debug|Any CPU
		{61A37078-3AFA-456D-A096-DE33029FFBA4}.Release|Any CPU.ActiveCfg = Release|Any CPU
		{61A37078-3AFA-456D-A096-DE33029FFBA4}.Release|Any CPU.Build.0 = Release|Any CPU
	EndGlobalSection
	GlobalSection(SolutionProperties) = preSolution
		HideSolutionNode = FALSE
	EndGlobalSection
	GlobalSection(ExtensibilityGlobals) = postSolution
		SolutionGuid = {CD635396-DC25-4872-9C00-57596A9BC0AE}
	EndGlobalSection
EndGlobal
