
Microsoft Visual Studio Solution File, Format Version 12.00
# Visual Studio Version 17
VisualStudioVersion = 17.5.33516.290
MinimumVisualStudioVersion = 10.0.40219.1
Project("{FAE04EC0-301F-11D3-BF4B-00C04F79EFBC}") = "programa35-Excepción_División_sobre_Cero", "programa35-Excepción_División_sobre_Cero\programa35-Excepción_División_sobre_Cero.csproj", "{C32AFE5E-07E9-4DE9-9803-CD26B29F33C6}"
EndProject
Global
	GlobalSection(SolutionConfigurationPlatforms) = preSolution
		Debug|Any CPU = Debug|Any CPU
		Release|Any CPU = Release|Any CPU
	EndGlobalSection
	GlobalSection(ProjectConfigurationPlatforms) = postSolution
		{C32AFE5E-07E9-4DE9-9803-CD26B29F33C6}.Debug|Any CPU.ActiveCfg = Debug|Any CPU
		{C32AFE5E-07E9-4DE9-9803-CD26B29F33C6}.Debug|Any CPU.Build.0 = Debug|Any CPU
		{C32AFE5E-07E9-4DE9-9803-CD26B29F33C6}.Release|Any CPU.ActiveCfg = Release|Any CPU
		{C32AFE5E-07E9-4DE9-9803-CD26B29F33C6}.Release|Any CPU.Build.0 = Release|Any CPU
	EndGlobalSection
	GlobalSection(SolutionProperties) = preSolution
		HideSolutionNode = FALSE
	EndGlobalSection
	GlobalSection(ExtensibilityGlobals) = postSolution
		SolutionGuid = {24F4CAC4-7DDB-40E1-B026-4668B59F53B3}
	EndGlobalSection
EndGlobal
