
Microsoft Visual Studio Solution File, Format Version 12.00
# Visual Studio Version 17
VisualStudioVersion = 17.5.33516.290
MinimumVisualStudioVersion = 10.0.40219.1
Project("{FAE04EC0-301F-11D3-BF4B-00C04F79EFBC}") = "programa28-interfaz_volúmenes", "programa28-interfaz_volúmenes\programa28-interfaz_volúmenes.csproj", "{33A43004-6E4F-4B69-9068-09D1698F0516}"
EndProject
Global
	GlobalSection(SolutionConfigurationPlatforms) = preSolution
		Debug|Any CPU = Debug|Any CPU
		Release|Any CPU = Release|Any CPU
	EndGlobalSection
	GlobalSection(ProjectConfigurationPlatforms) = postSolution
		{33A43004-6E4F-4B69-9068-09D1698F0516}.Debug|Any CPU.ActiveCfg = Debug|Any CPU
		{33A43004-6E4F-4B69-9068-09D1698F0516}.Debug|Any CPU.Build.0 = Debug|Any CPU
		{33A43004-6E4F-4B69-9068-09D1698F0516}.Release|Any CPU.ActiveCfg = Release|Any CPU
		{33A43004-6E4F-4B69-9068-09D1698F0516}.Release|Any CPU.Build.0 = Release|Any CPU
	EndGlobalSection
	GlobalSection(SolutionProperties) = preSolution
		HideSolutionNode = FALSE
	EndGlobalSection
	GlobalSection(ExtensibilityGlobals) = postSolution
		SolutionGuid = {DCD239CF-787D-499B-A986-6240650CEF2D}
	EndGlobalSection
EndGlobal
