
Microsoft Visual Studio Solution File, Format Version 12.00
# Visual Studio Version 17
VisualStudioVersion = 17.4.33213.308
MinimumVisualStudioVersion = 10.0.40219.1
Project("{FAE04EC0-301F-11D3-BF4B-00C04F79EFBC}") = "programa14-clase_coche", "programa14-clase_coche\programa14-clase_coche.csproj", "{4855FFF6-9BC3-403A-B146-FFCB102FA86E}"
EndProject
Global
	GlobalSection(SolutionConfigurationPlatforms) = preSolution
		Debug|Any CPU = Debug|Any CPU
		Release|Any CPU = Release|Any CPU
	EndGlobalSection
	GlobalSection(ProjectConfigurationPlatforms) = postSolution
		{4855FFF6-9BC3-403A-B146-FFCB102FA86E}.Debug|Any CPU.ActiveCfg = Debug|Any CPU
		{4855FFF6-9BC3-403A-B146-FFCB102FA86E}.Debug|Any CPU.Build.0 = Debug|Any CPU
		{4855FFF6-9BC3-403A-B146-FFCB102FA86E}.Release|Any CPU.ActiveCfg = Release|Any CPU
		{4855FFF6-9BC3-403A-B146-FFCB102FA86E}.Release|Any CPU.Build.0 = Release|Any CPU
	EndGlobalSection
	GlobalSection(SolutionProperties) = preSolution
		HideSolutionNode = FALSE
	EndGlobalSection
	GlobalSection(ExtensibilityGlobals) = postSolution
		SolutionGuid = {F5FAABE3-793D-432D-95AB-44DAF694F5A6}
	EndGlobalSection
EndGlobal
